github.com/Tris20/FairFareFinder v0.0.1 h1:InUS1DeObZPJXTD+SMnwJOUvHmV8ezuYTlaWBlNgH5g=
github.com/Tris20/FairFareFinder v0.0.1/go.mod h1:Clik/0zA8pOErHv77pqZXmSI62SikULf4fMtxWd02Tw=
github.com/mattn/go-sqlite3 v1.14.22 h1:2gZY6PC6kBnID23Tichd1K+Z0oS6nE/XwU+Vz/5o4kU=
github.com/mattn/go-sqlite3 v1.14.22/go.mod h1:Uh1q+B4BYcTPb+yiD3kU8Ct7aC0hY9fxUwlHK0RXw+Y=
